
Microsoft Visual Studio Solution File, Format Version 12.00
# Visual Studio Version 17
VisualStudioVersion = 17.1.32228.430
MinimumVisualStudioVersion = 10.0.40219.1
Project("{FAE04EC0-301F-11D3-BF4B-00C04F79EFBC}") = "check", "check.csproj", "{27BBE0B1-EABA-4AD9-BF80-F2A652E1FF88}"
EndProject
Global
	GlobalSection(SolutionConfigurationPlatforms) = preSolution
		Debug|Any CPU = Debug|Any CPU
		Release|Any CPU = Release|Any CPU
	EndGlobalSection
	GlobalSection(ProjectConfigurationPlatforms) = postSolution
		{27BBE0B1-EABA-4AD9-BF80-F2A652E1FF88}.Debug|Any CPU.ActiveCfg = Debug|Any CPU
		{27BBE0B1-EABA-4AD9-BF80-F2A652E1FF88}.Debug|Any CPU.Build.0 = Debug|Any CPU
		{27BBE0B1-EABA-4AD9-BF80-F2A652E1FF88}.Release|Any CPU.ActiveCfg = Release|Any CPU
		{27BBE0B1-EABA-4AD9-BF80-F2A652E1FF88}.Release|Any CPU.Build.0 = Release|Any CPU
	EndGlobalSection
	GlobalSection(SolutionProperties) = preSolution
		HideSolutionNode = FALSE
	EndGlobalSection
	GlobalSection(ExtensibilityGlobals) = postSolution
		SolutionGuid = {53F90863-90C7-4B32-A9FC-2B17D13A4D51}
	EndGlobalSection
EndGlobal
